{
  "lockfile_version": "2.0",
  "generated_at": "2026-07-08T10:21:28.143Z",
  "agents": {
    "WelcomeAgent": {
      "version": "1.0",
      "source_hash": "ca8927fb38c44360",
      "status": "active"
    }
  },
  "tools": {
    "tools/contry_wise_data_tool.tools.abl": {
      "source_hash": "5924624b0cedc8d1"
    },
    "tools/user_conversation_summaries_tool.tools.abl": {
      "source_hash": "96d09aec0756d7b0"
    }
  },
  "configs": {
    "config/runtime-config.json": {
      "source_hash": "b3e3394f4b002f0c"
    },
    "tables/country_wise_afgblue_details.table.json": {
      "source_hash": "9c615cb00259ee9d"
    },
    "tables/user_conversation_summaries.table.json": {
      "source_hash": "bee67d6656d51dbb"
    }
  },
  "connections": {},
  "guardrails": {},
  "workflows": {
    "workflows/test.workflow.json": {
      "source_hash": "3e4dada1b3c07d21"
    },
    "workflows/test1.workflow.json": {
      "source_hash": "2e495645dec810d6"
    },
    "workflows/table_access_workflow.workflow.json": {
      "source_hash": "de72d145f033f027"
    },
    "workflows/country_wise_details_table_wf.workflow.json": {
      "source_hash": "2c3ef9ec16326894"
    },
    "workflows/user_conversation_summaries_wf.workflow.json": {
      "source_hash": "9ce1b8d3e3ae9d75"
    },
    "workflows/versions/test/draft.version.json": {
      "source_hash": "418593ff997035df",
      "version": "draft"
    },
    "workflows/versions/test1/draft.version.json": {
      "source_hash": "5ef1ef0e98fbe8a9",
      "version": "draft"
    },
    "workflows/versions/table_access_workflow/draft.version.json": {
      "source_hash": "d96373ea7df2a032",
      "version": "draft"
    },
    "workflows/versions/country_wise_details_table_wf/draft.version.json": {
      "source_hash": "1b08405b55df40ad",
      "version": "draft"
    },
    "workflows/versions/user_conversation_summaries_wf/draft.version.json": {
      "source_hash": "f7488297c5f98884",
      "version": "draft"
    }
  },
  "evals": {},
  "search": {},
  "channels": {},
  "vocabulary": {},
  "behavior_profiles": {},
  "layer_hashes": {
    "core": "de8a934e9cfd0f0edd72bca7797c0a990c2508313da1477b4b5f65cbb8e46224",
    "connections": "e3b0c44298fc1c149afbf4c8996fb92427ae41e4649b934ca495991b7852b855",
    "prompts": "e3b0c44298fc1c149afbf4c8996fb92427ae41e4649b934ca495991b7852b855",
    "guardrails": "e3b0c44298fc1c149afbf4c8996fb92427ae41e4649b934ca495991b7852b855",
    "workflows": "7db3762e90b030b0fdc31069941e7526555ff1b2b8f8a5e4e38567bf98e116c4",
    "evals": "e3b0c44298fc1c149afbf4c8996fb92427ae41e4649b934ca495991b7852b855",
    "search": "e3b0c44298fc1c149afbf4c8996fb92427ae41e4649b934ca495991b7852b855",
    "channels": "e3b0c44298fc1c149afbf4c8996fb92427ae41e4649b934ca495991b7852b855",
    "vocabulary": "e3b0c44298fc1c149afbf4c8996fb92427ae41e4649b934ca495991b7852b855",
    "tables": "2f1d9f0bde6408709e2f9b5ac4afea5b727c7754c4dbb7faf8f84cd26d285fed"
  },
  "integrity": "8054eeb20d9a20099fa9aa79c0fa04d419bb9a885853f0d90ab40efe6208586a"
}